
Microsoft Visual Studio Solution File, Format Version 12.00
# Visual Studio Version 17
VisualStudioVersion = 17.4.33122.133
MinimumVisualStudioVersion = 10.0.40219.1
Project("{FAE04EC0-301F-11D3-BF4B-00C04F79EFBC}") = "CanvasApp", "CanvasApp\CanvasApp.csproj", "{C66E8CFE-E366-4EB9-A9AE-1B8146E12C85}"
EndProject
Global
	GlobalSection(SolutionConfigurationPlatforms) = preSolution
		Debug|Any CPU = Debug|Any CPU
		Release|Any CPU = Release|Any CPU
	EndGlobalSection
	GlobalSection(ProjectConfigurationPlatforms) = postSolution
		{C66E8CFE-E366-4EB9-A9AE-1B8146E12C85}.Debug|Any CPU.ActiveCfg = Debug|Any CPU
		{C66E8CFE-E366-4EB9-A9AE-1B8146E12C85}.Debug|Any CPU.Build.0 = Debug|Any CPU
		{C66E8CFE-E366-4EB9-A9AE-1B8146E12C85}.Release|Any CPU.ActiveCfg = Release|Any CPU
		{C66E8CFE-E366-4EB9-A9AE-1B8146E12C85}.Release|Any CPU.Build.0 = Release|Any CPU
	EndGlobalSection
	GlobalSection(SolutionProperties) = preSolution
		HideSolutionNode = FALSE
	EndGlobalSection
	GlobalSection(ExtensibilityGlobals) = postSolution
		SolutionGuid = {6B0F596D-6365-4129-9FC8-26089C63E4C8}
	EndGlobalSection
EndGlobal
